
Microsoft Visual Studio Solution File, Format Version 12.00
# Visual Studio Version 17
VisualStudioVersion = 17.6.33712.159
MinimumVisualStudioVersion = 10.0.40219.1
Project("{9A19103F-16F7-4668-BE54-9A1E7A4F7556}") = "WPF.ComponentBindingEnum", "WPF.ComponentBindingEnum\WPF.ComponentBindingEnum.csproj", "{C5097F31-0A28-431E-95B8-E63B253F80A2}"
EndProject
Project("{FAE04EC0-301F-11D3-BF4B-00C04F79EFBC}") = "C#.异步编程_Async_Await", "C#.异步编程_Async_Await\C#.异步编程_Async_Await.csproj", "{B4AE4D1F-1D49-4CAE-8613-1294D00D7056}"
EndProject
Project("{9A19103F-16F7-4668-BE54-9A1E7A4F7556}") = "C#.异步编程_Async_Await_Demo_AsynBreakFast", "C#.异步编程_Async_Await_Demo_AsynBreakFast\C#.异步编程_Async_Await_Demo_AsynBreakFast.csproj", "{1ED944F5-7BCC-4D36-89DD-E90A7CC779E2}"
EndProject
Project("{9A19103F-16F7-4668-BE54-9A1E7A4F7556}") = "C#.异步编程_信号量", "C#.异步编程_信号量\C#.异步编程_信号量.csproj", "{A6E0CD8A-9C22-4B3F-82FB-3167F849D1EF}"
EndProject
Project("{9A19103F-16F7-4668-BE54-9A1E7A4F7556}") = "C#.异步编程_原生异步方法", "C#.异步编程_原生异步方法\C#.异步编程_原生异步方法.csproj", "{A07B667F-7249-454D-A43A-048D9D0BBA09}"
EndProject
Project("{FAE04EC0-301F-11D3-BF4B-00C04F79EFBC}") = "C#.异步编程_Parallel大批量文件创建", "C#.异步编程_Parallel大批量文件创建\C#.异步编程_Parallel大批量文件创建.csproj", "{E8ABB68C-CDA9-45C0-93A6-B3E6DB516F7F}"
EndProject
Project("{FAE04EC0-301F-11D3-BF4B-00C04F79EFBC}") = "WinForm.一个本地化的程序", "WinForm.一个本地化的程序\WinForm.一个本地化的程序.csproj", "{C6AC969E-4976-4E15-B2CC-64756EA52B90}"
EndProject
Project("{FAE04EC0-301F-11D3-BF4B-00C04F79EFBC}") = "C#.CSV去科学计数导出", "C#.CSV去科学计数导出\C#.CSV去科学计数导出.csproj", "{AB82E8CD-30DD-4A56-9AA8-F73022F3F3C7}"
EndProject
Project("{FAE04EC0-301F-11D3-BF4B-00C04F79EFBC}") = "WinForm.分页", "WinForm.分页\WinForm.分页.csproj", "{71957369-9322-41A0-9A1A-5C50E3A9DF34}"
EndProject
Project("{FAE04EC0-301F-11D3-BF4B-00C04F79EFBC}") = "DevExpress.WPF.DataGrid", "DevExpress.WPF.DataGrid\DevExpress.WPF.DataGrid.csproj", "{BCE6A5A5-31D0-46BC-8C7C-734DF60C20F1}"
EndProject
Project("{FAE04EC0-301F-11D3-BF4B-00C04F79EFBC}") = "RabbitMQ.Sender", "RabbitMQ.Sender\RabbitMQ.Sender.csproj", "{FAA1A1F2-5609-4B1E-8966-FB35122521E5}"
EndProject
Project("{FAE04EC0-301F-11D3-BF4B-00C04F79EFBC}") = "RabbitMQ.Receiver", "RabbitMQ.Receiver\RabbitMQ.Receiver.csproj", "{AE018324-2CAD-47B6-9C16-4CFBAEEEC9CD}"
EndProject
Global
	GlobalSection(SolutionConfigurationPlatforms) = preSolution
		Debug|Any CPU = Debug|Any CPU
		Release|Any CPU = Release|Any CPU
	EndGlobalSection
	GlobalSection(ProjectConfigurationPlatforms) = postSolution
		{C5097F31-0A28-431E-95B8-E63B253F80A2}.Debug|Any CPU.ActiveCfg = Debug|Any CPU
		{C5097F31-0A28-431E-95B8-E63B253F80A2}.Debug|Any CPU.Build.0 = Debug|Any CPU
		{C5097F31-0A28-431E-95B8-E63B253F80A2}.Release|Any CPU.ActiveCfg = Release|Any CPU
		{C5097F31-0A28-431E-95B8-E63B253F80A2}.Release|Any CPU.Build.0 = Release|Any CPU
		{B4AE4D1F-1D49-4CAE-8613-1294D00D7056}.Debug|Any CPU.ActiveCfg = Debug|Any CPU
		{B4AE4D1F-1D49-4CAE-8613-1294D00D7056}.Debug|Any CPU.Build.0 = Debug|Any CPU
		{B4AE4D1F-1D49-4CAE-8613-1294D00D7056}.Release|Any CPU.ActiveCfg = Release|Any CPU
		{B4AE4D1F-1D49-4CAE-8613-1294D00D7056}.Release|Any CPU.Build.0 = Release|Any CPU
		{1ED944F5-7BCC-4D36-89DD-E90A7CC779E2}.Debug|Any CPU.ActiveCfg = Debug|Any CPU
		{1ED944F5-7BCC-4D36-89DD-E90A7CC779E2}.Debug|Any CPU.Build.0 = Debug|Any CPU
		{1ED944F5-7BCC-4D36-89DD-E90A7CC779E2}.Release|Any CPU.ActiveCfg = Release|Any CPU
		{1ED944F5-7BCC-4D36-89DD-E90A7CC779E2}.Release|Any CPU.Build.0 = Release|Any CPU
		{A6E0CD8A-9C22-4B3F-82FB-3167F849D1EF}.Debug|Any CPU.ActiveCfg = Debug|Any CPU
		{A6E0CD8A-9C22-4B3F-82FB-3167F849D1EF}.Debug|Any CPU.Build.0 = Debug|Any CPU
		{A6E0CD8A-9C22-4B3F-82FB-3167F849D1EF}.Release|Any CPU.ActiveCfg = Release|Any CPU
		{A6E0CD8A-9C22-4B3F-82FB-3167F849D1EF}.Release|Any CPU.Build.0 = Release|Any CPU
		{A07B667F-7249-454D-A43A-048D9D0BBA09}.Debug|Any CPU.ActiveCfg = Debug|Any CPU
		{A07B667F-7249-454D-A43A-048D9D0BBA09}.Debug|Any CPU.Build.0 = Debug|Any CPU
		{A07B667F-7249-454D-A43A-048D9D0BBA09}.Release|Any CPU.ActiveCfg = Release|Any CPU
		{A07B667F-7249-454D-A43A-048D9D0BBA09}.Release|Any CPU.Build.0 = Release|Any CPU
		{E8ABB68C-CDA9-45C0-93A6-B3E6DB516F7F}.Debug|Any CPU.ActiveCfg = Debug|Any CPU
		{E8ABB68C-CDA9-45C0-93A6-B3E6DB516F7F}.Debug|Any CPU.Build.0 = Debug|Any CPU
		{E8ABB68C-CDA9-45C0-93A6-B3E6DB516F7F}.Release|Any CPU.ActiveCfg = Release|Any CPU
		{E8ABB68C-CDA9-45C0-93A6-B3E6DB516F7F}.Release|Any CPU.Build.0 = Release|Any CPU
		{C6AC969E-4976-4E15-B2CC-64756EA52B90}.Debug|Any CPU.ActiveCfg = Debug|Any CPU
		{C6AC969E-4976-4E15-B2CC-64756EA52B90}.Debug|Any CPU.Build.0 = Debug|Any CPU
		{C6AC969E-4976-4E15-B2CC-64756EA52B90}.Release|Any CPU.ActiveCfg = Release|Any CPU
		{C6AC969E-4976-4E15-B2CC-64756EA52B90}.Release|Any CPU.Build.0 = Release|Any CPU
		{AB82E8CD-30DD-4A56-9AA8-F73022F3F3C7}.Debug|Any CPU.ActiveCfg = Debug|Any CPU
		{AB82E8CD-30DD-4A56-9AA8-F73022F3F3C7}.Debug|Any CPU.Build.0 = Debug|Any CPU
		{AB82E8CD-30DD-4A56-9AA8-F73022F3F3C7}.Release|Any CPU.ActiveCfg = Release|Any CPU
		{AB82E8CD-30DD-4A56-9AA8-F73022F3F3C7}.Release|Any CPU.Build.0 = Release|Any CPU
		{71957369-9322-41A0-9A1A-5C50E3A9DF34}.Debug|Any CPU.ActiveCfg = Debug|Any CPU
		{71957369-9322-41A0-9A1A-5C50E3A9DF34}.Debug|Any CPU.Build.0 = Debug|Any CPU
		{71957369-9322-41A0-9A1A-5C50E3A9DF34}.Release|Any CPU.ActiveCfg = Release|Any CPU
		{71957369-9322-41A0-9A1A-5C50E3A9DF34}.Release|Any CPU.Build.0 = Release|Any CPU
		{BCE6A5A5-31D0-46BC-8C7C-734DF60C20F1}.Debug|Any CPU.ActiveCfg = Debug|Any CPU
		{BCE6A5A5-31D0-46BC-8C7C-734DF60C20F1}.Debug|Any CPU.Build.0 = Debug|Any CPU
		{BCE6A5A5-31D0-46BC-8C7C-734DF60C20F1}.Release|Any CPU.ActiveCfg = Release|Any CPU
		{BCE6A5A5-31D0-46BC-8C7C-734DF60C20F1}.Release|Any CPU.Build.0 = Release|Any CPU
		{FAA1A1F2-5609-4B1E-8966-FB35122521E5}.Debug|Any CPU.ActiveCfg = Debug|Any CPU
		{FAA1A1F2-5609-4B1E-8966-FB35122521E5}.Debug|Any CPU.Build.0 = Debug|Any CPU
		{FAA1A1F2-5609-4B1E-8966-FB35122521E5}.Release|Any CPU.ActiveCfg = Release|Any CPU
		{FAA1A1F2-5609-4B1E-8966-FB35122521E5}.Release|Any CPU.Build.0 = Release|Any CPU
		{AE018324-2CAD-47B6-9C16-4CFBAEEEC9CD}.Debug|Any CPU.ActiveCfg = Debug|Any CPU
		{AE018324-2CAD-47B6-9C16-4CFBAEEEC9CD}.Debug|Any CPU.Build.0 = Debug|Any CPU
		{AE018324-2CAD-47B6-9C16-4CFBAEEEC9CD}.Release|Any CPU.ActiveCfg = Release|Any CPU
		{AE018324-2CAD-47B6-9C16-4CFBAEEEC9CD}.Release|Any CPU.Build.0 = Release|Any CPU
	EndGlobalSection
	GlobalSection(SolutionProperties) = preSolution
		HideSolutionNode = FALSE
	EndGlobalSection
	GlobalSection(ExtensibilityGlobals) = postSolution
		SolutionGuid = {BD25C19D-56BB-472C-9B90-88F300DA9E27}
	EndGlobalSection
EndGlobal
